
Microsoft Visual Studio Solution File, Format Version 12.00
# Visual Studio 15
VisualStudioVersion = 15.0.28307.572
MinimumVisualStudioVersion = 10.0.40219.1
Project("{9A19103F-16F7-4668-BE54-9A1E7A4F7556}") = "SideOffice.Domain", "src\4 - Domain\SideOffice.Domain\SideOffice.Domain.csproj", "{5E57F61A-F049-4C86-A9DC-D477504FBFAD}"
EndProject
Project("{9A19103F-16F7-4668-BE54-9A1E7A4F7556}") = "SideOffice.Services.Api", "src\2 - Services\SideOffice.Services.Api\SideOffice.Services.Api.csproj", "{CB83A471-C134-4F47-836B-305423103C58}"
EndProject
Project("{2150E333-8FDC-42A3-9474-1A3956D46DE8}") = "src", "src", "{E3FE96E1-CA40-4983-9A02-323BF49EC975}"
EndProject
Project("{2150E333-8FDC-42A3-9474-1A3956D46DE8}") = "1 - Presentation", "1 - Presentation", "{C3D4AF17-525A-4D1D-BBB1-EE0AC592F569}"
EndProject
Project("{2150E333-8FDC-42A3-9474-1A3956D46DE8}") = "4 - Domain", "4 - Domain", "{B0FC90BA-FBA4-431D-BA8D-32BD2A3D1D1D}"
EndProject
Project("{2150E333-8FDC-42A3-9474-1A3956D46DE8}") = "2 - Services", "2 - Services", "{630EAE70-45DA-4909-BF11-9090694F9FFA}"
EndProject
Project("{2150E333-8FDC-42A3-9474-1A3956D46DE8}") = "5 - Infra", "5 - Infra", "{0AD29251-110C-4529-A7FA-40C86B992454}"
EndProject
Project("{2150E333-8FDC-42A3-9474-1A3956D46DE8}") = "5.1 - Data", "5.1 - Data", "{7F3F8739-A962-4508-861F-BC92F4690CCA}"
EndProject
Project("{2150E333-8FDC-42A3-9474-1A3956D46DE8}") = "5.2 - CrossCutting", "5.2 - CrossCutting", "{69F62B04-1EA1-4D1D-8A09-E5189781700B}"
EndProject
Project("{9A19103F-16F7-4668-BE54-9A1E7A4F7556}") = "SideOffice.Infra.Data", "src\5 -Infra\5.1 - Data\SideOffice.Infra.Data\SideOffice.Infra.Data.csproj", "{88D81A9D-8EFC-4DA7-A6E1-60D2A0AD4222}"
EndProject
Project("{2150E333-8FDC-42A3-9474-1A3956D46DE8}") = "3 - Application", "3 - Application", "{A5B4454B-C4F6-4856-A51B-A697D36BF352}"
EndProject
Project("{9A19103F-16F7-4668-BE54-9A1E7A4F7556}") = "SideOffice.Infra.CrossCutting.Identity", "src\5 -Infra\5.2 - CrossCuting\SideOffice.Infra.CrossCutting.Identity\SideOffice.Infra.CrossCutting.Identity.csproj", "{C077640D-F2AA-4C08-B2CE-2D1C5EFAEF9A}"
EndProject
Project("{9A19103F-16F7-4668-BE54-9A1E7A4F7556}") = "SideOffice.infra.CrossCutting.IoC", "src\5 -Infra\5.2 - CrossCuting\SideOffice.infra.CrossCutting.IoC\SideOffice.infra.CrossCutting.IoC.csproj", "{350AC22C-8C2A-474E-B555-7D86304222A0}"
EndProject
Project("{9A19103F-16F7-4668-BE54-9A1E7A4F7556}") = "SideOffice.Application", "src\3 - Application\SideOffice.Application\SideOffice.Application.csproj", "{2B3BB2A5-39CB-40EB-88A4-BF3BF89A2C21}"
EndProject
Project("{FAE04EC0-301F-11D3-BF4B-00C04F79EFBC}") = "SideOffice.UI.WEB", "src\1 - Presentation\SideOffice.UI.WEB\SideOffice.UI.WEB.csproj", "{808FAB44-7106-4B06-AF3A-D10347A8419B}"
EndProject
Global
	GlobalSection(SolutionConfigurationPlatforms) = preSolution
		Debug|Any CPU = Debug|Any CPU
		Release|Any CPU = Release|Any CPU
	EndGlobalSection
	GlobalSection(ProjectConfigurationPlatforms) = postSolution
		{5E57F61A-F049-4C86-A9DC-D477504FBFAD}.Debug|Any CPU.ActiveCfg = Debug|Any CPU
		{5E57F61A-F049-4C86-A9DC-D477504FBFAD}.Debug|Any CPU.Build.0 = Debug|Any CPU
		{5E57F61A-F049-4C86-A9DC-D477504FBFAD}.Release|Any CPU.ActiveCfg = Release|Any CPU
		{5E57F61A-F049-4C86-A9DC-D477504FBFAD}.Release|Any CPU.Build.0 = Release|Any CPU
		{CB83A471-C134-4F47-836B-305423103C58}.Debug|Any CPU.ActiveCfg = Debug|Any CPU
		{CB83A471-C134-4F47-836B-305423103C58}.Debug|Any CPU.Build.0 = Debug|Any CPU
		{CB83A471-C134-4F47-836B-305423103C58}.Release|Any CPU.ActiveCfg = Release|Any CPU
		{CB83A471-C134-4F47-836B-305423103C58}.Release|Any CPU.Build.0 = Release|Any CPU
		{88D81A9D-8EFC-4DA7-A6E1-60D2A0AD4222}.Debug|Any CPU.ActiveCfg = Debug|Any CPU
		{88D81A9D-8EFC-4DA7-A6E1-60D2A0AD4222}.Debug|Any CPU.Build.0 = Debug|Any CPU
		{88D81A9D-8EFC-4DA7-A6E1-60D2A0AD4222}.Release|Any CPU.ActiveCfg = Release|Any CPU
		{88D81A9D-8EFC-4DA7-A6E1-60D2A0AD4222}.Release|Any CPU.Build.0 = Release|Any CPU
		{C077640D-F2AA-4C08-B2CE-2D1C5EFAEF9A}.Debug|Any CPU.ActiveCfg = Debug|Any CPU
		{C077640D-F2AA-4C08-B2CE-2D1C5EFAEF9A}.Debug|Any CPU.Build.0 = Debug|Any CPU
		{C077640D-F2AA-4C08-B2CE-2D1C5EFAEF9A}.Release|Any CPU.ActiveCfg = Release|Any CPU
		{C077640D-F2AA-4C08-B2CE-2D1C5EFAEF9A}.Release|Any CPU.Build.0 = Release|Any CPU
		{350AC22C-8C2A-474E-B555-7D86304222A0}.Debug|Any CPU.ActiveCfg = Debug|Any CPU
		{350AC22C-8C2A-474E-B555-7D86304222A0}.Debug|Any CPU.Build.0 = Debug|Any CPU
		{350AC22C-8C2A-474E-B555-7D86304222A0}.Release|Any CPU.ActiveCfg = Release|Any CPU
		{350AC22C-8C2A-474E-B555-7D86304222A0}.Release|Any CPU.Build.0 = Release|Any CPU
		{2B3BB2A5-39CB-40EB-88A4-BF3BF89A2C21}.Debug|Any CPU.ActiveCfg = Debug|Any CPU
		{2B3BB2A5-39CB-40EB-88A4-BF3BF89A2C21}.Debug|Any CPU.Build.0 = Debug|Any CPU
		{2B3BB2A5-39CB-40EB-88A4-BF3BF89A2C21}.Release|Any CPU.ActiveCfg = Release|Any CPU
		{2B3BB2A5-39CB-40EB-88A4-BF3BF89A2C21}.Release|Any CPU.Build.0 = Release|Any CPU
		{808FAB44-7106-4B06-AF3A-D10347A8419B}.Debug|Any CPU.ActiveCfg = Debug|Any CPU
		{808FAB44-7106-4B06-AF3A-D10347A8419B}.Debug|Any CPU.Build.0 = Debug|Any CPU
		{808FAB44-7106-4B06-AF3A-D10347A8419B}.Release|Any CPU.ActiveCfg = Release|Any CPU
		{808FAB44-7106-4B06-AF3A-D10347A8419B}.Release|Any CPU.Build.0 = Release|Any CPU
	EndGlobalSection
	GlobalSection(SolutionProperties) = preSolution
		HideSolutionNode = FALSE
	EndGlobalSection
	GlobalSection(NestedProjects) = preSolution
		{5E57F61A-F049-4C86-A9DC-D477504FBFAD} = {B0FC90BA-FBA4-431D-BA8D-32BD2A3D1D1D}
		{CB83A471-C134-4F47-836B-305423103C58} = {630EAE70-45DA-4909-BF11-9090694F9FFA}
		{C3D4AF17-525A-4D1D-BBB1-EE0AC592F569} = {E3FE96E1-CA40-4983-9A02-323BF49EC975}
		{B0FC90BA-FBA4-431D-BA8D-32BD2A3D1D1D} = {E3FE96E1-CA40-4983-9A02-323BF49EC975}
		{630EAE70-45DA-4909-BF11-9090694F9FFA} = {E3FE96E1-CA40-4983-9A02-323BF49EC975}
		{0AD29251-110C-4529-A7FA-40C86B992454} = {E3FE96E1-CA40-4983-9A02-323BF49EC975}
		{7F3F8739-A962-4508-861F-BC92F4690CCA} = {0AD29251-110C-4529-A7FA-40C86B992454}
		{69F62B04-1EA1-4D1D-8A09-E5189781700B} = {0AD29251-110C-4529-A7FA-40C86B992454}
		{88D81A9D-8EFC-4DA7-A6E1-60D2A0AD4222} = {7F3F8739-A962-4508-861F-BC92F4690CCA}
		{A5B4454B-C4F6-4856-A51B-A697D36BF352} = {E3FE96E1-CA40-4983-9A02-323BF49EC975}
		{C077640D-F2AA-4C08-B2CE-2D1C5EFAEF9A} = {69F62B04-1EA1-4D1D-8A09-E5189781700B}
		{350AC22C-8C2A-474E-B555-7D86304222A0} = {69F62B04-1EA1-4D1D-8A09-E5189781700B}
		{2B3BB2A5-39CB-40EB-88A4-BF3BF89A2C21} = {A5B4454B-C4F6-4856-A51B-A697D36BF352}
		{808FAB44-7106-4B06-AF3A-D10347A8419B} = {C3D4AF17-525A-4D1D-BBB1-EE0AC592F569}
	EndGlobalSection
	GlobalSection(ExtensibilityGlobals) = postSolution
		SolutionGuid = {F1E3740D-13ED-4489-A625-E9E74F181840}
	EndGlobalSection
EndGlobal
